
Microsoft Visual Studio Solution File, Format Version 12.00
# Visual Studio Version 16
VisualStudioVersion = 16.0.29806.167
MinimumVisualStudioVersion = 10.0.40219.1
Project("{9A19103F-16F7-4668-BE54-9A1E7A4F7556}") = "BonusPoints", "BonusPoints\BonusPoints.csproj", "{07E25095-A101-49F6-A763-BF196E0C1164}"
EndProject
Project("{9A19103F-16F7-4668-BE54-9A1E7A4F7556}") = "Firm", "Firm\Firm.csproj", "{7E3EA27C-D74F-453E-8AF0-EE66B939A0B6}"
EndProject
Project("{9A19103F-16F7-4668-BE54-9A1E7A4F7556}") = "FlowerShop", "FlowerShop\FlowerShop.csproj", "{60B8B654-1930-4DFD-ADF8-E155578E9DC5}"
EndProject
Project("{9A19103F-16F7-4668-BE54-9A1E7A4F7556}") = "GodzilaVSKong", "GodzilaVSKong\GodzilaVSKong.csproj", "{7F367657-7B27-4BE1-BCBE-1672010A99E8}"
EndProject
Project("{9A19103F-16F7-4668-BE54-9A1E7A4F7556}") = "Harvest", "Harvest\Harvest.csproj", "{4116F37A-B231-4148-8F4D-313FE1FAFB4E}"
EndProject
Project("{9A19103F-16F7-4668-BE54-9A1E7A4F7556}") = "MetricConverter", "MetricConverter\MetricConverter.csproj", "{A950DA00-780A-44EC-AA6C-E4DE1F4AEA7E}"
EndProject
Project("{9A19103F-16F7-4668-BE54-9A1E7A4F7556}") = "Pets", "Pets\Pets.csproj", "{CB218E69-3210-4271-A7C0-B3C326BD4AC9}"
EndProject
Project("{9A19103F-16F7-4668-BE54-9A1E7A4F7556}") = "PoolPipes", "PoolPipes\PoolPipes.csproj", "{E0FD6E10-7BB7-4DB5-8BF4-05912E807975}"
EndProject
Project("{9A19103F-16F7-4668-BE54-9A1E7A4F7556}") = "Scolarship", "Scholarship\Scolarship.csproj", "{57660C61-7046-4EB5-88B9-A49E5407F1F1}"
EndProject
Project("{9A19103F-16F7-4668-BE54-9A1E7A4F7556}") = "SleepingTom", "SleepingTom\SleepingTom.csproj", "{F7CC7AEA-0B63-429D-B5E1-F9BCAA81BF38}"
EndProject
Project("{9A19103F-16F7-4668-BE54-9A1E7A4F7556}") = "SpeedInformation", "SpeedInformation\SpeedInformation.csproj", "{6043D49E-99A9-4D0B-A01F-215C4503335A}"
EndProject
Project("{9A19103F-16F7-4668-BE54-9A1E7A4F7556}") = "SumSec", "SumSec\SumSec.csproj", "{052D7C34-99FB-489C-8436-73B0A78DBB5E}"
EndProject
Project("{9A19103F-16F7-4668-BE54-9A1E7A4F7556}") = "SwimmingRecord", "SwimmingRecord\SwimmingRecord.csproj", "{403A4C06-65D4-4065-B102-3D14C3C89C6F}"
EndProject
Project("{9A19103F-16F7-4668-BE54-9A1E7A4F7556}") = "TransportPrice", "TransportPrice\TransportPrice.csproj", "{3E9AC1A8-1D26-407E-A63E-C6D1DD552C71}"
EndProject
Project("{9A19103F-16F7-4668-BE54-9A1E7A4F7556}") = "TimeAfterFifteenMinutes", "TimeAfterFifteenMinutes\TimeAfterFifteenMinutes.csproj", "{68D0110D-8741-4012-AE14-AA348F9646E2}"
EndProject
Global
	GlobalSection(SolutionConfigurationPlatforms) = preSolution
		Debug|Any CPU = Debug|Any CPU
		Release|Any CPU = Release|Any CPU
	EndGlobalSection
	GlobalSection(ProjectConfigurationPlatforms) = postSolution
		{07E25095-A101-49F6-A763-BF196E0C1164}.Debug|Any CPU.ActiveCfg = Debug|Any CPU
		{07E25095-A101-49F6-A763-BF196E0C1164}.Debug|Any CPU.Build.0 = Debug|Any CPU
		{07E25095-A101-49F6-A763-BF196E0C1164}.Release|Any CPU.ActiveCfg = Release|Any CPU
		{07E25095-A101-49F6-A763-BF196E0C1164}.Release|Any CPU.Build.0 = Release|Any CPU
		{7E3EA27C-D74F-453E-8AF0-EE66B939A0B6}.Debug|Any CPU.ActiveCfg = Debug|Any CPU
		{7E3EA27C-D74F-453E-8AF0-EE66B939A0B6}.Debug|Any CPU.Build.0 = Debug|Any CPU
		{7E3EA27C-D74F-453E-8AF0-EE66B939A0B6}.Release|Any CPU.ActiveCfg = Release|Any CPU
		{7E3EA27C-D74F-453E-8AF0-EE66B939A0B6}.Release|Any CPU.Build.0 = Release|Any CPU
		{60B8B654-1930-4DFD-ADF8-E155578E9DC5}.Debug|Any CPU.ActiveCfg = Debug|Any CPU
		{60B8B654-1930-4DFD-ADF8-E155578E9DC5}.Debug|Any CPU.Build.0 = Debug|Any CPU
		{60B8B654-1930-4DFD-ADF8-E155578E9DC5}.Release|Any CPU.ActiveCfg = Release|Any CPU
		{60B8B654-1930-4DFD-ADF8-E155578E9DC5}.Release|Any CPU.Build.0 = Release|Any CPU
		{7F367657-7B27-4BE1-BCBE-1672010A99E8}.Debug|Any CPU.ActiveCfg = Debug|Any CPU
		{7F367657-7B27-4BE1-BCBE-1672010A99E8}.Debug|Any CPU.Build.0 = Debug|Any CPU
		{7F367657-7B27-4BE1-BCBE-1672010A99E8}.Release|Any CPU.ActiveCfg = Release|Any CPU
		{7F367657-7B27-4BE1-BCBE-1672010A99E8}.Release|Any CPU.Build.0 = Release|Any CPU
		{4116F37A-B231-4148-8F4D-313FE1FAFB4E}.Debug|Any CPU.ActiveCfg = Debug|Any CPU
		{4116F37A-B231-4148-8F4D-313FE1FAFB4E}.Debug|Any CPU.Build.0 = Debug|Any CPU
		{4116F37A-B231-4148-8F4D-313FE1FAFB4E}.Release|Any CPU.ActiveCfg = Release|Any CPU
		{4116F37A-B231-4148-8F4D-313FE1FAFB4E}.Release|Any CPU.Build.0 = Release|Any CPU
		{A950DA00-780A-44EC-AA6C-E4DE1F4AEA7E}.Debug|Any CPU.ActiveCfg = Debug|Any CPU
		{A950DA00-780A-44EC-AA6C-E4DE1F4AEA7E}.Debug|Any CPU.Build.0 = Debug|Any CPU
		{A950DA00-780A-44EC-AA6C-E4DE1F4AEA7E}.Release|Any CPU.ActiveCfg = Release|Any CPU
		{A950DA00-780A-44EC-AA6C-E4DE1F4AEA7E}.Release|Any CPU.Build.0 = Release|Any CPU
		{CB218E69-3210-4271-A7C0-B3C326BD4AC9}.Debug|Any CPU.ActiveCfg = Debug|Any CPU
		{CB218E69-3210-4271-A7C0-B3C326BD4AC9}.Debug|Any CPU.Build.0 = Debug|Any CPU
		{CB218E69-3210-4271-A7C0-B3C326BD4AC9}.Release|Any CPU.ActiveCfg = Release|Any CPU
		{CB218E69-3210-4271-A7C0-B3C326BD4AC9}.Release|Any CPU.Build.0 = Release|Any CPU
		{E0FD6E10-7BB7-4DB5-8BF4-05912E807975}.Debug|Any CPU.ActiveCfg = Debug|Any CPU
		{E0FD6E10-7BB7-4DB5-8BF4-05912E807975}.Debug|Any CPU.Build.0 = Debug|Any CPU
		{E0FD6E10-7BB7-4DB5-8BF4-05912E807975}.Release|Any CPU.ActiveCfg = Release|Any CPU
		{E0FD6E10-7BB7-4DB5-8BF4-05912E807975}.Release|Any CPU.Build.0 = Release|Any CPU
		{57660C61-7046-4EB5-88B9-A49E5407F1F1}.Debug|Any CPU.ActiveCfg = Debug|Any CPU
		{57660C61-7046-4EB5-88B9-A49E5407F1F1}.Debug|Any CPU.Build.0 = Debug|Any CPU
		{57660C61-7046-4EB5-88B9-A49E5407F1F1}.Release|Any CPU.ActiveCfg = Release|Any CPU
		{57660C61-7046-4EB5-88B9-A49E5407F1F1}.Release|Any CPU.Build.0 = Release|Any CPU
		{F7CC7AEA-0B63-429D-B5E1-F9BCAA81BF38}.Debug|Any CPU.ActiveCfg = Debug|Any CPU
		{F7CC7AEA-0B63-429D-B5E1-F9BCAA81BF38}.Debug|Any CPU.Build.0 = Debug|Any CPU
		{F7CC7AEA-0B63-429D-B5E1-F9BCAA81BF38}.Release|Any CPU.ActiveCfg = Release|Any CPU
		{F7CC7AEA-0B63-429D-B5E1-F9BCAA81BF38}.Release|Any CPU.Build.0 = Release|Any CPU
		{6043D49E-99A9-4D0B-A01F-215C4503335A}.Debug|Any CPU.ActiveCfg = Debug|Any CPU
		{6043D49E-99A9-4D0B-A01F-215C4503335A}.Debug|Any CPU.Build.0 = Debug|Any CPU
		{6043D49E-99A9-4D0B-A01F-215C4503335A}.Release|Any CPU.ActiveCfg = Release|Any CPU
		{6043D49E-99A9-4D0B-A01F-215C4503335A}.Release|Any CPU.Build.0 = Release|Any CPU
		{052D7C34-99FB-489C-8436-73B0A78DBB5E}.Debug|Any CPU.ActiveCfg = Debug|Any CPU
		{052D7C34-99FB-489C-8436-73B0A78DBB5E}.Debug|Any CPU.Build.0 = Debug|Any CPU
		{052D7C34-99FB-489C-8436-73B0A78DBB5E}.Release|Any CPU.ActiveCfg = Release|Any CPU
		{052D7C34-99FB-489C-8436-73B0A78DBB5E}.Release|Any CPU.Build.0 = Release|Any CPU
		{403A4C06-65D4-4065-B102-3D14C3C89C6F}.Debug|Any CPU.ActiveCfg = Debug|Any CPU
		{403A4C06-65D4-4065-B102-3D14C3C89C6F}.Debug|Any CPU.Build.0 = Debug|Any CPU
		{403A4C06-65D4-4065-B102-3D14C3C89C6F}.Release|Any CPU.ActiveCfg = Release|Any CPU
		{403A4C06-65D4-4065-B102-3D14C3C89C6F}.Release|Any CPU.Build.0 = Release|Any CPU
		{3E9AC1A8-1D26-407E-A63E-C6D1DD552C71}.Debug|Any CPU.ActiveCfg = Debug|Any CPU
		{3E9AC1A8-1D26-407E-A63E-C6D1DD552C71}.Debug|Any CPU.Build.0 = Debug|Any CPU
		{3E9AC1A8-1D26-407E-A63E-C6D1DD552C71}.Release|Any CPU.ActiveCfg = Release|Any CPU
		{3E9AC1A8-1D26-407E-A63E-C6D1DD552C71}.Release|Any CPU.Build.0 = Release|Any CPU
		{68D0110D-8741-4012-AE14-AA348F9646E2}.Debug|Any CPU.ActiveCfg = Debug|Any CPU
		{68D0110D-8741-4012-AE14-AA348F9646E2}.Debug|Any CPU.Build.0 = Debug|Any CPU
		{68D0110D-8741-4012-AE14-AA348F9646E2}.Release|Any CPU.ActiveCfg = Release|Any CPU
		{68D0110D-8741-4012-AE14-AA348F9646E2}.Release|Any CPU.Build.0 = Release|Any CPU
	EndGlobalSection
	GlobalSection(SolutionProperties) = preSolution
		HideSolutionNode = FALSE
	EndGlobalSection
	GlobalSection(ExtensibilityGlobals) = postSolution
		SolutionGuid = {7279092D-2B6A-46DE-9526-2CB9FFFC8F16}
	EndGlobalSection
EndGlobal
