
Microsoft Visual Studio Solution File, Format Version 12.00
# Visual Studio Version 16
VisualStudioVersion = 16.0.29806.167
MinimumVisualStudioVersion = 10.0.40219.1
Project("{9A19103F-16F7-4668-BE54-9A1E7A4F7556}") = "DayOfWeek", "Day of week\DayOfWeek.csproj", "{BFC2E427-7E16-4644-9380-FCB0E16531DC}"
EndProject
Project("{9A19103F-16F7-4668-BE54-9A1E7A4F7556}") = "AnimalClass", "Animal class\AnimalClass.csproj", "{6B902810-CEA4-4814-B86A-4E969C342E51}"
EndProject
Project("{9A19103F-16F7-4668-BE54-9A1E7A4F7556}") = "PersonalTitles", "Personal titles\PersonalTitles.csproj", "{E8905F9A-7CD5-4D80-9AA2-AEEC60C9FAA9}"
EndProject
Project("{9A19103F-16F7-4668-BE54-9A1E7A4F7556}") = "SmallShop", "Small shop\SmallShop.csproj", "{4436E927-A23A-48AE-9996-315986E1AE6C}"
EndProject
Project("{9A19103F-16F7-4668-BE54-9A1E7A4F7556}") = "NumberInRange", "Number in range\NumberInRange.csproj", "{54D289CD-AA21-4EC2-B31A-4C738D2C3CE3}"
EndProject
Project("{9A19103F-16F7-4668-BE54-9A1E7A4F7556}") = "FruitOrVegetable", "Fruit or vegetable\FruitOrVegetable.csproj", "{853EC1C9-F53B-429C-B711-7EC246CFAC5B}"
EndProject
Project("{9A19103F-16F7-4668-BE54-9A1E7A4F7556}") = "InvalidNumber", "Invalid number\InvalidNumber.csproj", "{AF53007B-12D1-4B29-B5B0-45627B5525AE}"
EndProject
Project("{9A19103F-16F7-4668-BE54-9A1E7A4F7556}") = "FruitShop", "Fruit Shop\FruitShop.csproj", "{A1B5B469-28FC-45CB-B51E-B7046CB98CC3}"
EndProject
Project("{9A19103F-16F7-4668-BE54-9A1E7A4F7556}") = "TradeCommision", "Trade commision\TradeCommision.csproj", "{EB64C98D-ECF5-4D43-97BC-0D18EA35987F}"
EndProject
Project("{9A19103F-16F7-4668-BE54-9A1E7A4F7556}") = "SkiTrip", "Ski trip\SkiTrip.csproj", "{9445F93B-10BA-4853-9AF4-2B94C1D70FDB}"
EndProject
Project("{9A19103F-16F7-4668-BE54-9A1E7A4F7556}") = "PointOnRectangleBorder", "Point on rectangle border\PointOnRectangleBorder.csproj", "{79FA1D91-88DC-4366-95E6-C7FE5DCBDC0B}"
EndProject
Project("{9A19103F-16F7-4668-BE54-9A1E7A4F7556}") = "Cinema", "Cinema\Cinema.csproj", "{8362B39E-4BD4-4B1E-A3BC-C21DA5458A60}"
EndProject
Project("{9A19103F-16F7-4668-BE54-9A1E7A4F7556}") = "Outfit", "Outfit\Outfit.csproj", "{DD421D23-DB8A-46C7-990F-D979D9136554}"
EndProject
Project("{9A19103F-16F7-4668-BE54-9A1E7A4F7556}") = "NewHouse", "New house\NewHouse.csproj", "{C01C0FE8-8CF7-4CF9-AA25-8EE617F79D73}"
EndProject
Project("{9A19103F-16F7-4668-BE54-9A1E7A4F7556}") = "FishingBoat", "Fishing Boat\FishingBoat.csproj", "{87617D06-C268-4C34-B30D-35FD5DD083AB}"
EndProject
Project("{9A19103F-16F7-4668-BE54-9A1E7A4F7556}") = "Journey", "Journey\Journey.csproj", "{8A63B9AD-1629-4B08-A451-BB5B38317BF0}"
EndProject
Project("{9A19103F-16F7-4668-BE54-9A1E7A4F7556}") = "OperationsBetweenNumbers", "Operations between numbers\OperationsBetweenNumbers.csproj", "{98D59DA8-7A61-4690-A6B1-D9BDC171EDC9}"
EndProject
Project("{9A19103F-16F7-4668-BE54-9A1E7A4F7556}") = "HotelRoom", "Hotel room\HotelRoom.csproj", "{09FEA6B1-92DB-4944-8D43-EAF7A104B24A}"
EndProject
Project("{9A19103F-16F7-4668-BE54-9A1E7A4F7556}") = "OnTimeForExam", "On time for exam\OnTimeForExam.csproj", "{0FE4D96B-91A5-4F67-ADEE-A627ED02D78E}"
EndProject
Project("{9A19103F-16F7-4668-BE54-9A1E7A4F7556}") = "Voleyball", "Voleyball\Voleyball.csproj", "{EE75A399-0B4A-4295-A174-2003520B98B3}"
EndProject
Project("{9A19103F-16F7-4668-BE54-9A1E7A4F7556}") = "FuelTank", "Fuel tank\FuelTank.csproj", "{8CE95770-C9C5-4408-8D0A-5FC2E2317590}"
EndProject
Project("{9A19103F-16F7-4668-BE54-9A1E7A4F7556}") = "FuelTank2", "Fuel tank 2\FuelTank2.csproj", "{BDE9E43A-8FC8-4E54-9652-6184BDFD2BC8}"
EndProject
Project("{9A19103F-16F7-4668-BE54-9A1E7A4F7556}") = "MatchTickets", "Match tickets\MatchTickets.csproj", "{0072C28A-1248-49C7-A212-876543B0464A}"
EndProject
Project("{9A19103F-16F7-4668-BE54-9A1E7A4F7556}") = "BikeRace", "Bike race\BikeRace.csproj", "{96F7B48D-C054-42E4-8BF9-B1A44200F4BB}"
EndProject
Project("{9A19103F-16F7-4668-BE54-9A1E7A4F7556}") = "Flowers", "Flowers\Flowers.csproj", "{B11B9A95-AD1D-4A0B-957C-89F2089311AA}"
EndProject
Project("{9A19103F-16F7-4668-BE54-9A1E7A4F7556}") = "RentACar", "Rent a car\RentACar.csproj", "{AD653C69-1CE6-4BDB-AF8C-821850958951}"
EndProject
Project("{9A19103F-16F7-4668-BE54-9A1E7A4F7556}") = "Vacation", "Vacation\Vacation.csproj", "{2C181B12-86A5-49A7-BC9D-6D1534AC85E8}"
EndProject
Project("{9A19103F-16F7-4668-BE54-9A1E7A4F7556}") = "TruckDriver", "Truck driver\TruckDriver.csproj", "{AA2EB7C8-9D29-478B-9DE4-F9F114664E17}"
EndProject
Project("{9A19103F-16F7-4668-BE54-9A1E7A4F7556}") = "SchoolCamp", "School camp\SchoolCamp.csproj", "{C968FB56-DDB8-4B45-9CF7-5B050331D18B}"
EndProject
Global
	GlobalSection(SolutionConfigurationPlatforms) = preSolution
		Debug|Any CPU = Debug|Any CPU
		Release|Any CPU = Release|Any CPU
	EndGlobalSection
	GlobalSection(ProjectConfigurationPlatforms) = postSolution
		{BFC2E427-7E16-4644-9380-FCB0E16531DC}.Debug|Any CPU.ActiveCfg = Debug|Any CPU
		{BFC2E427-7E16-4644-9380-FCB0E16531DC}.Debug|Any CPU.Build.0 = Debug|Any CPU
		{BFC2E427-7E16-4644-9380-FCB0E16531DC}.Release|Any CPU.ActiveCfg = Release|Any CPU
		{BFC2E427-7E16-4644-9380-FCB0E16531DC}.Release|Any CPU.Build.0 = Release|Any CPU
		{6B902810-CEA4-4814-B86A-4E969C342E51}.Debug|Any CPU.ActiveCfg = Debug|Any CPU
		{6B902810-CEA4-4814-B86A-4E969C342E51}.Debug|Any CPU.Build.0 = Debug|Any CPU
		{6B902810-CEA4-4814-B86A-4E969C342E51}.Release|Any CPU.ActiveCfg = Release|Any CPU
		{6B902810-CEA4-4814-B86A-4E969C342E51}.Release|Any CPU.Build.0 = Release|Any CPU
		{E8905F9A-7CD5-4D80-9AA2-AEEC60C9FAA9}.Debug|Any CPU.ActiveCfg = Debug|Any CPU
		{E8905F9A-7CD5-4D80-9AA2-AEEC60C9FAA9}.Debug|Any CPU.Build.0 = Debug|Any CPU
		{E8905F9A-7CD5-4D80-9AA2-AEEC60C9FAA9}.Release|Any CPU.ActiveCfg = Release|Any CPU
		{E8905F9A-7CD5-4D80-9AA2-AEEC60C9FAA9}.Release|Any CPU.Build.0 = Release|Any CPU
		{4436E927-A23A-48AE-9996-315986E1AE6C}.Debug|Any CPU.ActiveCfg = Debug|Any CPU
		{4436E927-A23A-48AE-9996-315986E1AE6C}.Debug|Any CPU.Build.0 = Debug|Any CPU
		{4436E927-A23A-48AE-9996-315986E1AE6C}.Release|Any CPU.ActiveCfg = Release|Any CPU
		{4436E927-A23A-48AE-9996-315986E1AE6C}.Release|Any CPU.Build.0 = Release|Any CPU
		{54D289CD-AA21-4EC2-B31A-4C738D2C3CE3}.Debug|Any CPU.ActiveCfg = Debug|Any CPU
		{54D289CD-AA21-4EC2-B31A-4C738D2C3CE3}.Debug|Any CPU.Build.0 = Debug|Any CPU
		{54D289CD-AA21-4EC2-B31A-4C738D2C3CE3}.Release|Any CPU.ActiveCfg = Release|Any CPU
		{54D289CD-AA21-4EC2-B31A-4C738D2C3CE3}.Release|Any CPU.Build.0 = Release|Any CPU
		{853EC1C9-F53B-429C-B711-7EC246CFAC5B}.Debug|Any CPU.ActiveCfg = Debug|Any CPU
		{853EC1C9-F53B-429C-B711-7EC246CFAC5B}.Debug|Any CPU.Build.0 = Debug|Any CPU
		{853EC1C9-F53B-429C-B711-7EC246CFAC5B}.Release|Any CPU.ActiveCfg = Release|Any CPU
		{853EC1C9-F53B-429C-B711-7EC246CFAC5B}.Release|Any CPU.Build.0 = Release|Any CPU
		{AF53007B-12D1-4B29-B5B0-45627B5525AE}.Debug|Any CPU.ActiveCfg = Debug|Any CPU
		{AF53007B-12D1-4B29-B5B0-45627B5525AE}.Debug|Any CPU.Build.0 = Debug|Any CPU
		{AF53007B-12D1-4B29-B5B0-45627B5525AE}.Release|Any CPU.ActiveCfg = Release|Any CPU
		{AF53007B-12D1-4B29-B5B0-45627B5525AE}.Release|Any CPU.Build.0 = Release|Any CPU
		{A1B5B469-28FC-45CB-B51E-B7046CB98CC3}.Debug|Any CPU.ActiveCfg = Debug|Any CPU
		{A1B5B469-28FC-45CB-B51E-B7046CB98CC3}.Debug|Any CPU.Build.0 = Debug|Any CPU
		{A1B5B469-28FC-45CB-B51E-B7046CB98CC3}.Release|Any CPU.ActiveCfg = Release|Any CPU
		{A1B5B469-28FC-45CB-B51E-B7046CB98CC3}.Release|Any CPU.Build.0 = Release|Any CPU
		{EB64C98D-ECF5-4D43-97BC-0D18EA35987F}.Debug|Any CPU.ActiveCfg = Debug|Any CPU
		{EB64C98D-ECF5-4D43-97BC-0D18EA35987F}.Debug|Any CPU.Build.0 = Debug|Any CPU
		{EB64C98D-ECF5-4D43-97BC-0D18EA35987F}.Release|Any CPU.ActiveCfg = Release|Any CPU
		{EB64C98D-ECF5-4D43-97BC-0D18EA35987F}.Release|Any CPU.Build.0 = Release|Any CPU
		{9445F93B-10BA-4853-9AF4-2B94C1D70FDB}.Debug|Any CPU.ActiveCfg = Debug|Any CPU
		{9445F93B-10BA-4853-9AF4-2B94C1D70FDB}.Debug|Any CPU.Build.0 = Debug|Any CPU
		{9445F93B-10BA-4853-9AF4-2B94C1D70FDB}.Release|Any CPU.ActiveCfg = Release|Any CPU
		{9445F93B-10BA-4853-9AF4-2B94C1D70FDB}.Release|Any CPU.Build.0 = Release|Any CPU
		{79FA1D91-88DC-4366-95E6-C7FE5DCBDC0B}.Debug|Any CPU.ActiveCfg = Debug|Any CPU
		{79FA1D91-88DC-4366-95E6-C7FE5DCBDC0B}.Debug|Any CPU.Build.0 = Debug|Any CPU
		{79FA1D91-88DC-4366-95E6-C7FE5DCBDC0B}.Release|Any CPU.ActiveCfg = Release|Any CPU
		{79FA1D91-88DC-4366-95E6-C7FE5DCBDC0B}.Release|Any CPU.Build.0 = Release|Any CPU
		{8362B39E-4BD4-4B1E-A3BC-C21DA5458A60}.Debug|Any CPU.ActiveCfg = Debug|Any CPU
		{8362B39E-4BD4-4B1E-A3BC-C21DA5458A60}.Debug|Any CPU.Build.0 = Debug|Any CPU
		{8362B39E-4BD4-4B1E-A3BC-C21DA5458A60}.Release|Any CPU.ActiveCfg = Release|Any CPU
		{8362B39E-4BD4-4B1E-A3BC-C21DA5458A60}.Release|Any CPU.Build.0 = Release|Any CPU
		{DD421D23-DB8A-46C7-990F-D979D9136554}.Debug|Any CPU.ActiveCfg = Debug|Any CPU
		{DD421D23-DB8A-46C7-990F-D979D9136554}.Debug|Any CPU.Build.0 = Debug|Any CPU
		{DD421D23-DB8A-46C7-990F-D979D9136554}.Release|Any CPU.ActiveCfg = Release|Any CPU
		{DD421D23-DB8A-46C7-990F-D979D9136554}.Release|Any CPU.Build.0 = Release|Any CPU
		{C01C0FE8-8CF7-4CF9-AA25-8EE617F79D73}.Debug|Any CPU.ActiveCfg = Debug|Any CPU
		{C01C0FE8-8CF7-4CF9-AA25-8EE617F79D73}.Debug|Any CPU.Build.0 = Debug|Any CPU
		{C01C0FE8-8CF7-4CF9-AA25-8EE617F79D73}.Release|Any CPU.ActiveCfg = Release|Any CPU
		{C01C0FE8-8CF7-4CF9-AA25-8EE617F79D73}.Release|Any CPU.Build.0 = Release|Any CPU
		{87617D06-C268-4C34-B30D-35FD5DD083AB}.Debug|Any CPU.ActiveCfg = Debug|Any CPU
		{87617D06-C268-4C34-B30D-35FD5DD083AB}.Debug|Any CPU.Build.0 = Debug|Any CPU
		{87617D06-C268-4C34-B30D-35FD5DD083AB}.Release|Any CPU.ActiveCfg = Release|Any CPU
		{87617D06-C268-4C34-B30D-35FD5DD083AB}.Release|Any CPU.Build.0 = Release|Any CPU
		{8A63B9AD-1629-4B08-A451-BB5B38317BF0}.Debug|Any CPU.ActiveCfg = Debug|Any CPU
		{8A63B9AD-1629-4B08-A451-BB5B38317BF0}.Debug|Any CPU.Build.0 = Debug|Any CPU
		{8A63B9AD-1629-4B08-A451-BB5B38317BF0}.Release|Any CPU.ActiveCfg = Release|Any CPU
		{8A63B9AD-1629-4B08-A451-BB5B38317BF0}.Release|Any CPU.Build.0 = Release|Any CPU
		{98D59DA8-7A61-4690-A6B1-D9BDC171EDC9}.Debug|Any CPU.ActiveCfg = Debug|Any CPU
		{98D59DA8-7A61-4690-A6B1-D9BDC171EDC9}.Debug|Any CPU.Build.0 = Debug|Any CPU
		{98D59DA8-7A61-4690-A6B1-D9BDC171EDC9}.Release|Any CPU.ActiveCfg = Release|Any CPU
		{98D59DA8-7A61-4690-A6B1-D9BDC171EDC9}.Release|Any CPU.Build.0 = Release|Any CPU
		{09FEA6B1-92DB-4944-8D43-EAF7A104B24A}.Debug|Any CPU.ActiveCfg = Debug|Any CPU
		{09FEA6B1-92DB-4944-8D43-EAF7A104B24A}.Debug|Any CPU.Build.0 = Debug|Any CPU
		{09FEA6B1-92DB-4944-8D43-EAF7A104B24A}.Release|Any CPU.ActiveCfg = Release|Any CPU
		{09FEA6B1-92DB-4944-8D43-EAF7A104B24A}.Release|Any CPU.Build.0 = Release|Any CPU
		{0FE4D96B-91A5-4F67-ADEE-A627ED02D78E}.Debug|Any CPU.ActiveCfg = Debug|Any CPU
		{0FE4D96B-91A5-4F67-ADEE-A627ED02D78E}.Debug|Any CPU.Build.0 = Debug|Any CPU
		{0FE4D96B-91A5-4F67-ADEE-A627ED02D78E}.Release|Any CPU.ActiveCfg = Release|Any CPU
		{0FE4D96B-91A5-4F67-ADEE-A627ED02D78E}.Release|Any CPU.Build.0 = Release|Any CPU
		{EE75A399-0B4A-4295-A174-2003520B98B3}.Debug|Any CPU.ActiveCfg = Debug|Any CPU
		{EE75A399-0B4A-4295-A174-2003520B98B3}.Debug|Any CPU.Build.0 = Debug|Any CPU
		{EE75A399-0B4A-4295-A174-2003520B98B3}.Release|Any CPU.ActiveCfg = Release|Any CPU
		{EE75A399-0B4A-4295-A174-2003520B98B3}.Release|Any CPU.Build.0 = Release|Any CPU
		{8CE95770-C9C5-4408-8D0A-5FC2E2317590}.Debug|Any CPU.ActiveCfg = Debug|Any CPU
		{8CE95770-C9C5-4408-8D0A-5FC2E2317590}.Debug|Any CPU.Build.0 = Debug|Any CPU
		{8CE95770-C9C5-4408-8D0A-5FC2E2317590}.Release|Any CPU.ActiveCfg = Release|Any CPU
		{8CE95770-C9C5-4408-8D0A-5FC2E2317590}.Release|Any CPU.Build.0 = Release|Any CPU
		{BDE9E43A-8FC8-4E54-9652-6184BDFD2BC8}.Debug|Any CPU.ActiveCfg = Debug|Any CPU
		{BDE9E43A-8FC8-4E54-9652-6184BDFD2BC8}.Debug|Any CPU.Build.0 = Debug|Any CPU
		{BDE9E43A-8FC8-4E54-9652-6184BDFD2BC8}.Release|Any CPU.ActiveCfg = Release|Any CPU
		{BDE9E43A-8FC8-4E54-9652-6184BDFD2BC8}.Release|Any CPU.Build.0 = Release|Any CPU
		{0072C28A-1248-49C7-A212-876543B0464A}.Debug|Any CPU.ActiveCfg = Debug|Any CPU
		{0072C28A-1248-49C7-A212-876543B0464A}.Debug|Any CPU.Build.0 = Debug|Any CPU
		{0072C28A-1248-49C7-A212-876543B0464A}.Release|Any CPU.ActiveCfg = Release|Any CPU
		{0072C28A-1248-49C7-A212-876543B0464A}.Release|Any CPU.Build.0 = Release|Any CPU
		{96F7B48D-C054-42E4-8BF9-B1A44200F4BB}.Debug|Any CPU.ActiveCfg = Debug|Any CPU
		{96F7B48D-C054-42E4-8BF9-B1A44200F4BB}.Debug|Any CPU.Build.0 = Debug|Any CPU
		{96F7B48D-C054-42E4-8BF9-B1A44200F4BB}.Release|Any CPU.ActiveCfg = Release|Any CPU
		{96F7B48D-C054-42E4-8BF9-B1A44200F4BB}.Release|Any CPU.Build.0 = Release|Any CPU
		{B11B9A95-AD1D-4A0B-957C-89F2089311AA}.Debug|Any CPU.ActiveCfg = Debug|Any CPU
		{B11B9A95-AD1D-4A0B-957C-89F2089311AA}.Debug|Any CPU.Build.0 = Debug|Any CPU
		{B11B9A95-AD1D-4A0B-957C-89F2089311AA}.Release|Any CPU.ActiveCfg = Release|Any CPU
		{B11B9A95-AD1D-4A0B-957C-89F2089311AA}.Release|Any CPU.Build.0 = Release|Any CPU
		{AD653C69-1CE6-4BDB-AF8C-821850958951}.Debug|Any CPU.ActiveCfg = Debug|Any CPU
		{AD653C69-1CE6-4BDB-AF8C-821850958951}.Debug|Any CPU.Build.0 = Debug|Any CPU
		{AD653C69-1CE6-4BDB-AF8C-821850958951}.Release|Any CPU.ActiveCfg = Release|Any CPU
		{AD653C69-1CE6-4BDB-AF8C-821850958951}.Release|Any CPU.Build.0 = Release|Any CPU
		{2C181B12-86A5-49A7-BC9D-6D1534AC85E8}.Debug|Any CPU.ActiveCfg = Debug|Any CPU
		{2C181B12-86A5-49A7-BC9D-6D1534AC85E8}.Debug|Any CPU.Build.0 = Debug|Any CPU
		{2C181B12-86A5-49A7-BC9D-6D1534AC85E8}.Release|Any CPU.ActiveCfg = Release|Any CPU
		{2C181B12-86A5-49A7-BC9D-6D1534AC85E8}.Release|Any CPU.Build.0 = Release|Any CPU
		{AA2EB7C8-9D29-478B-9DE4-F9F114664E17}.Debug|Any CPU.ActiveCfg = Debug|Any CPU
		{AA2EB7C8-9D29-478B-9DE4-F9F114664E17}.Debug|Any CPU.Build.0 = Debug|Any CPU
		{AA2EB7C8-9D29-478B-9DE4-F9F114664E17}.Release|Any CPU.ActiveCfg = Release|Any CPU
		{AA2EB7C8-9D29-478B-9DE4-F9F114664E17}.Release|Any CPU.Build.0 = Release|Any CPU
		{C968FB56-DDB8-4B45-9CF7-5B050331D18B}.Debug|Any CPU.ActiveCfg = Debug|Any CPU
		{C968FB56-DDB8-4B45-9CF7-5B050331D18B}.Debug|Any CPU.Build.0 = Debug|Any CPU
		{C968FB56-DDB8-4B45-9CF7-5B050331D18B}.Release|Any CPU.ActiveCfg = Release|Any CPU
		{C968FB56-DDB8-4B45-9CF7-5B050331D18B}.Release|Any CPU.Build.0 = Release|Any CPU
	EndGlobalSection
	GlobalSection(SolutionProperties) = preSolution
		HideSolutionNode = FALSE
	EndGlobalSection
	GlobalSection(ExtensibilityGlobals) = postSolution
		SolutionGuid = {0AA54828-7FCC-4BD8-A370-582498670803}
	EndGlobalSection
EndGlobal
